// !$*UTF8*$!
{
	archiveVersion = 1;
	classes = {
	};
	objectVersion = 46;
	objects = {

/* Begin PBXBuildFile section */
		3E9EDCE1208790AA0066C4E0 /* Main.storyboard in Resources */ = {isa = PBXBuildFile; fileRef = 3E9EDCE0208790AA0066C4E0 /* Main.storyboard */; };
		49329C62219041D600069B07 /* LaunchScreen.storyboard in Resources */ = {isa = PBXBuildFile; fileRef = 49329C61219041D600069B07 /* LaunchScreen.storyboard */; };
		49329C702190701100069B07 /* SystemConfiguration.framework in Frameworks */ = {isa = PBXBuildFile; fileRef = 49329C6F2190701100069B07 /* SystemConfiguration.framework */; };
		49329C722190706900069B07 /* CoreTelephony.framework in Frameworks */ = {isa = PBXBuildFile; fileRef = 49329C712190706900069B07 /* CoreTelephony.framework */; };
		49329C742190708500069B07 /* AdSupport.framework in Frameworks */ = {isa = PBXBuildFile; fileRef = 49329C732190708400069B07 /* AdSupport.framework */; };
		49329C76219070A800069B07 /* StoreKit.framework in Frameworks */ = {isa = PBXBuildFile; fileRef = 49329C75219070A800069B07 /* StoreKit.framework */; };
		49329C7A2190898A00069B07 /* gotham_medium.ttf in Resources */ = {isa = PBXBuildFile; fileRef = 49329C782190898A00069B07 /* gotham_medium.ttf */; };
		49329C7B2190898A00069B07 /* gotham_book.ttf in Resources */ = {isa = PBXBuildFile; fileRef = 49329C792190898A00069B07 /* gotham_book.ttf */; };
		49329C7E21908AE400069B07 /* STAGdprViewController.m in Sources */ = {isa = PBXBuildFile; fileRef = 49329C7D21908AE400069B07 /* STAGdprViewController.m */; };
		50CFD3C61A277508000790CA /* STANativeViewController.m in Sources */ = {isa = PBXBuildFile; fileRef = 50CFD3C51A277508000790CA /* STANativeViewController.m */; };
		88F5AAD318B4AC560006D578 /* InfoPlist.strings in Resources */ = {isa = PBXBuildFile; fileRef = 88F5AAD118B4AC560006D578 /* InfoPlist.strings */; };
		88F5AAD518B4AC560006D578 /* main.m in Sources */ = {isa = PBXBuildFile; fileRef = 88F5AAD418B4AC560006D578 /* main.m */; };
		88F5AAD918B4AC560006D578 /* STAAppDelegate.m in Sources */ = {isa = PBXBuildFile; fileRef = 88F5AAD818B4AC560006D578 /* STAAppDelegate.m */; };
		88F5AAE218B4AC560006D578 /* STAViewController.m in Sources */ = {isa = PBXBuildFile; fileRef = 88F5AAE118B4AC560006D578 /* STAViewController.m */; };
		88F5AAE418B4AC560006D578 /* Images.xcassets in Resources */ = {isa = PBXBuildFile; fileRef = 88F5AAE318B4AC560006D578 /* Images.xcassets */; };
		9697140DAF003F36A92B62E0 /* libPods-iosexampleapp.a in Frameworks */ = {isa = PBXBuildFile; fileRef = 678206CE3FA942C7C99E0E79 /* libPods-iosexampleapp.a */; };
/* End PBXBuildFile section */

/* Begin PBXFileReference section */
		2E71FCCFAD9FFE0D1308ED01 /* Pods-iosexampleapp.release.xcconfig */ = {isa = PBXFileReference; includeInIndex = 1; lastKnownFileType = text.xcconfig; name = "Pods-iosexampleapp.release.xcconfig"; path = "Pods/Target Support Files/Pods-iosexampleapp/Pods-iosexampleapp.release.xcconfig"; sourceTree = "<group>"; };
		3E9EDCE0208790AA0066C4E0 /* Main.storyboard */ = {isa = PBXFileReference; fileEncoding = 4; lastKnownFileType = file.storyboard; path = Main.storyboard; sourceTree = "<group>"; };
		49329C61219041D600069B07 /* LaunchScreen.storyboard */ = {isa = PBXFileReference; lastKnownFileType = file.storyboard; path = LaunchScreen.storyboard; sourceTree = "<group>"; };
		49329C632190685A00069B07 /* iosexampleapp.entitlements */ = {isa = PBXFileReference; lastKnownFileType = text.plist.entitlements; path = iosexampleapp.entitlements; sourceTree = "<group>"; };
		49329C6F2190701100069B07 /* SystemConfiguration.framework */ = {isa = PBXFileReference; lastKnownFileType = wrapper.framework; name = SystemConfiguration.framework; path = System/Library/Frameworks/SystemConfiguration.framework; sourceTree = SDKROOT; };
		49329C712190706900069B07 /* CoreTelephony.framework */ = {isa = PBXFileReference; lastKnownFileType = wrapper.framework; name = CoreTelephony.framework; path = System/Library/Frameworks/CoreTelephony.framework; sourceTree = SDKROOT; };
		49329C732190708400069B07 /* AdSupport.framework */ = {isa = PBXFileReference; lastKnownFileType = wrapper.framework; name = AdSupport.framework; path = System/Library/Frameworks/AdSupport.framework; sourceTree = SDKROOT; };
		49329C75219070A800069B07 /* StoreKit.framework */ = {isa = PBXFileReference; lastKnownFileType = wrapper.framework; name = StoreKit.framework; path = System/Library/Frameworks/StoreKit.framework; sourceTree = SDKROOT; };
		49329C782190898A00069B07 /* gotham_medium.ttf */ = {isa = PBXFileReference; lastKnownFileType = file; path = gotham_medium.ttf; sourceTree = "<group>"; };
		49329C792190898A00069B07 /* gotham_book.ttf */ = {isa = PBXFileReference; lastKnownFileType = file; path = gotham_book.ttf; sourceTree = "<group>"; };
		49329C7C21908AE400069B07 /* STAGdprViewController.h */ = {isa = PBXFileReference; lastKnownFileType = sourcecode.c.h; path = STAGdprViewController.h; sourceTree = "<group>"; };
		49329C7D21908AE400069B07 /* STAGdprViewController.m */ = {isa = PBXFileReference; lastKnownFileType = sourcecode.c.objc; path = STAGdprViewController.m; sourceTree = "<group>"; };
		50CFD3C41A277508000790CA /* STANativeViewController.h */ = {isa = PBXFileReference; fileEncoding = 4; lastKnownFileType = sourcecode.c.h; path = STANativeViewController.h; sourceTree = "<group>"; };
		50CFD3C51A277508000790CA /* STANativeViewController.m */ = {isa = PBXFileReference; fileEncoding = 4; lastKnownFileType = sourcecode.c.objc; path = STANativeViewController.m; sourceTree = "<group>"; };
		678206CE3FA942C7C99E0E79 /* libPods-iosexampleapp.a */ = {isa = PBXFileReference; explicitFileType = archive.ar; includeInIndex = 0; path = "libPods-iosexampleapp.a"; sourceTree = BUILT_PRODUCTS_DIR; };
		88F5AAC518B4AC560006D578 /* iosexampleapp.app */ = {isa = PBXFileReference; explicitFileType = wrapper.application; includeInIndex = 0; path = iosexampleapp.app; sourceTree = BUILT_PRODUCTS_DIR; };
		88F5AAD018B4AC560006D578 /* iosexampleapp-Info.plist */ = {isa = PBXFileReference; lastKnownFileType = text.plist.xml; path = "iosexampleapp-Info.plist"; sourceTree = "<group>"; };
		88F5AAD218B4AC560006D578 /* en */ = {isa = PBXFileReference; lastKnownFileType = text.plist.strings; name = en; path = en.lproj/InfoPlist.strings; sourceTree = "<group>"; };
		88F5AAD418B4AC560006D578 /* main.m */ = {isa = PBXFileReference; lastKnownFileType = sourcecode.c.objc; path = main.m; sourceTree = "<group>"; };
		88F5AAD618B4AC560006D578 /* iosexampleapp-Prefix.pch */ = {isa = PBXFileReference; lastKnownFileType = sourcecode.c.h; path = "iosexampleapp-Prefix.pch"; sourceTree = "<group>"; };
		88F5AAD718B4AC560006D578 /* STAAppDelegate.h */ = {isa = PBXFileReference; lastKnownFileType = sourcecode.c.h; path = STAAppDelegate.h; sourceTree = "<group>"; };
		88F5AAD818B4AC560006D578 /* STAAppDelegate.m */ = {isa = PBXFileReference; lastKnownFileType = sourcecode.c.objc; path = STAAppDelegate.m; sourceTree = "<group>"; };
		88F5AAE018B4AC560006D578 /* STAViewController.h */ = {isa = PBXFileReference; lastKnownFileType = sourcecode.c.h; path = STAViewController.h; sourceTree = "<group>"; };
		88F5AAE118B4AC560006D578 /* STAViewController.m */ = {isa = PBXFileReference; lastKnownFileType = sourcecode.c.objc; path = STAViewController.m; sourceTree = "<group>"; };
		88F5AAE318B4AC560006D578 /* Images.xcassets */ = {isa = PBXFileReference; lastKnownFileType = folder.assetcatalog; path = Images.xcassets; sourceTree = "<group>"; };
		9A96B7B402CE17229F058966 /* Pods-iosexampleapp.debug.xcconfig */ = {isa = PBXFileReference; includeInIndex = 1; lastKnownFileType = text.xcconfig; name = "Pods-iosexampleapp.debug.xcconfig"; path = "Pods/Target Support Files/Pods-iosexampleapp/Pods-iosexampleapp.debug.xcconfig"; sourceTree = "<group>"; };
/* End PBXFileReference section */

/* Begin PBXFrameworksBuildPhase section */
		88F5AAC218B4AC560006D578 /* Frameworks */ = {
			isa = PBXFrameworksBuildPhase;
			buildActionMask = 2147483647;
			files = (
				49329C76219070A800069B07 /* StoreKit.framework in Frameworks */,
				49329C742190708500069B07 /* AdSupport.framework in Frameworks */,
				49329C722190706900069B07 /* CoreTelephony.framework in Frameworks */,
				49329C702190701100069B07 /* SystemConfiguration.framework in Frameworks */,
				9697140DAF003F36A92B62E0 /* libPods-iosexampleapp.a in Frameworks */,
			);
			runOnlyForDeploymentPostprocessing = 0;
		};
/* End PBXFrameworksBuildPhase section */

/* Begin PBXGroup section */
		49329C6721906B8A00069B07 /* Frameworks */ = {
			isa = PBXGroup;
			children = (
				49329C75219070A800069B07 /* StoreKit.framework */,
				49329C732190708400069B07 /* AdSupport.framework */,
				49329C712190706900069B07 /* CoreTelephony.framework */,
				49329C6F2190701100069B07 /* SystemConfiguration.framework */,
				678206CE3FA942C7C99E0E79 /* libPods-iosexampleapp.a */,
			);
			name = Frameworks;
			sourceTree = "<group>";
		};
		49329C772190898A00069B07 /* fonts */ = {
			isa = PBXGroup;
			children = (
				49329C782190898A00069B07 /* gotham_medium.ttf */,
				49329C792190898A00069B07 /* gotham_book.ttf */,
			);
			path = fonts;
			sourceTree = "<group>";
		};
		88F5AABC18B4AC560006D578 = {
			isa = PBXGroup;
			children = (
				88F5AACE18B4AC560006D578 /* iosexampleapp */,
				88F5AAC618B4AC560006D578 /* Products */,
				49329C6721906B8A00069B07 /* Frameworks */,
				E3E7CBF99A26480D88BD4AFB /* Pods */,
			);
			sourceTree = "<group>";
		};
		88F5AAC618B4AC560006D578 /* Products */ = {
			isa = PBXGroup;
			children = (
				88F5AAC518B4AC560006D578 /* iosexampleapp.app */,
			);
			name = Products;
			sourceTree = "<group>";
		};
		88F5AACE18B4AC560006D578 /* iosexampleapp */ = {
			isa = PBXGroup;
			children = (
				49329C772190898A00069B07 /* fonts */,
				49329C632190685A00069B07 /* iosexampleapp.entitlements */,
				88F5AAD718B4AC560006D578 /* STAAppDelegate.h */,
				88F5AAD818B4AC560006D578 /* STAAppDelegate.m */,
				50CFD3C41A277508000790CA /* STANativeViewController.h */,
				50CFD3C51A277508000790CA /* STANativeViewController.m */,
				88F5AAE018B4AC560006D578 /* STAViewController.h */,
				88F5AAE118B4AC560006D578 /* STAViewController.m */,
				49329C7C21908AE400069B07 /* STAGdprViewController.h */,
				49329C7D21908AE400069B07 /* STAGdprViewController.m */,
				3E9EDCE0208790AA0066C4E0 /* Main.storyboard */,
				49329C61219041D600069B07 /* LaunchScreen.storyboard */,
				88F5AAE318B4AC560006D578 /* Images.xcassets */,
				88F5AACF18B4AC560006D578 /* Supporting Files */,
			);
			path = iosexampleapp;
			sourceTree = "<group>";
		};
		88F5AACF18B4AC560006D578 /* Supporting Files */ = {
			isa = PBXGroup;
			children = (
				88F5AAD018B4AC560006D578 /* iosexampleapp-Info.plist */,
				88F5AAD118B4AC560006D578 /* InfoPlist.strings */,
				88F5AAD418B4AC560006D578 /* main.m */,
				88F5AAD618B4AC560006D578 /* iosexampleapp-Prefix.pch */,
			);
			name = "Supporting Files";
			sourceTree = "<group>";
		};
		E3E7CBF99A26480D88BD4AFB /* Pods */ = {
			isa = PBXGroup;
			children = (
				9A96B7B402CE17229F058966 /* Pods-iosexampleapp.debug.xcconfig */,
				2E71FCCFAD9FFE0D1308ED01 /* Pods-iosexampleapp.release.xcconfig */,
			);
			name = Pods;
			sourceTree = "<group>";
		};
/* End PBXGroup section */

/* Begin PBXNativeTarget section */
		88F5AAC418B4AC560006D578 /* iosexampleapp */ = {
			isa = PBXNativeTarget;
			buildConfigurationList = 88F5AAFA18B4AC560006D578 /* Build configuration list for PBXNativeTarget "iosexampleapp" */;
			buildPhases = (
				6008D6C0F103F34A6152DA39 /* [CP] Check Pods Manifest.lock */,
				88F5AAC118B4AC560006D578 /* Sources */,
				88F5AAC218B4AC560006D578 /* Frameworks */,
				88F5AAC318B4AC560006D578 /* Resources */,
				AFEA4F7BAD74FDCB25151767 /* [CP] Copy Pods Resources */,
			);
			buildRules = (
			);
			dependencies = (
			);
			name = iosexampleapp;
			productName = iosexampleapp;
			productReference = 88F5AAC518B4AC560006D578 /* iosexampleapp.app */;
			productType = "com.apple.product-type.application";
		};
/* End PBXNativeTarget section */

/* Begin PBXProject section */
		88F5AABD18B4AC560006D578 /* Project object */ = {
			isa = PBXProject;
			attributes = {
				CLASSPREFIX = STA;
				LastUpgradeCheck = 1010;
				ORGANIZATIONNAME = StartApp;
				TargetAttributes = {
					88F5AAC418B4AC560006D578 = {
						SystemCapabilities = {
							com.apple.AccessWiFi = {
								enabled = 1;
							};
						};
					};
				};
			};
			buildConfigurationList = 88F5AAC018B4AC560006D578 /* Build configuration list for PBXProject "iosexampleapp" */;
			compatibilityVersion = "Xcode 3.2";
			developmentRegion = English;
			hasScannedForEncodings = 0;
			knownRegions = (
				en,
				Base,
			);
			mainGroup = 88F5AABC18B4AC560006D578;
			productRefGroup = 88F5AAC618B4AC560006D578 /* Products */;
			projectDirPath = "";
			projectRoot = "";
			targets = (
				88F5AAC418B4AC560006D578 /* iosexampleapp */,
			);
		};
/* End PBXProject section */

/* Begin PBXResourcesBuildPhase section */
		88F5AAC318B4AC560006D578 /* Resources */ = {
			isa = PBXResourcesBuildPhase;
			buildActionMask = 2147483647;
			files = (
				49329C7B2190898A00069B07 /* gotham_book.ttf in Resources */,
				88F5AAE418B4AC560006D578 /* Images.xcassets in Resources */,
				3E9EDCE1208790AA0066C4E0 /* Main.storyboard in Resources */,
				49329C62219041D600069B07 /* LaunchScreen.storyboard in Resources */,
				49329C7A2190898A00069B07 /* gotham_medium.ttf in Resources */,
				88F5AAD318B4AC560006D578 /* InfoPlist.strings in Resources */,
			);
			runOnlyForDeploymentPostprocessing = 0;
		};
/* End PBXResourcesBuildPhase section */

/* Begin PBXShellScriptBuildPhase section */
		6008D6C0F103F34A6152DA39 /* [CP] Check Pods Manifest.lock */ = {
			isa = PBXShellScriptBuildPhase;
			buildActionMask = 2147483647;
			files = (
			);
			inputFileListPaths = (
			);
			inputPaths = (
				"${PODS_PODFILE_DIR_PATH}/Podfile.lock",
				"${PODS_ROOT}/Manifest.lock",
			);
			name = "[CP] Check Pods Manifest.lock";
			outputFileListPaths = (
			);
			outputPaths = (
				"$(DERIVED_FILE_DIR)/Pods-iosexampleapp-checkManifestLockResult.txt",
			);
			runOnlyForDeploymentPostprocessing = 0;
			shellPath = /bin/sh;
			shellScript = "diff \"${PODS_PODFILE_DIR_PATH}/Podfile.lock\" \"${PODS_ROOT}/Manifest.lock\" > /dev/null\nif [ $? != 0 ] ; then\n    # print error to STDERR\n    echo \"error: The sandbox is not in sync with the Podfile.lock. Run 'pod install' or update your CocoaPods installation.\" >&2\n    exit 1\nfi\n# This output is used by Xcode 'outputs' to avoid re-running this script phase.\necho \"SUCCESS\" > \"${SCRIPT_OUTPUT_FILE_0}\"\n";
			showEnvVarsInLog = 0;
		};
		AFEA4F7BAD74FDCB25151767 /* [CP] Copy Pods Resources */ = {
			isa = PBXShellScriptBuildPhase;
			buildActionMask = 2147483647;
			files = (
			);
			inputFileListPaths = (
			);
			inputPaths = (
				"${SRCROOT}/Pods/Target Support Files/Pods-iosexampleapp/Pods-iosexampleapp-resources.sh",
				"${PODS_CONFIGURATION_BUILD_DIR}/StartAppSDK/StartAppSDK.bundle",
			);
			name = "[CP] Copy Pods Resources";
			outputFileListPaths = (
			);
			outputPaths = (
				"${TARGET_BUILD_DIR}/${UNLOCALIZED_RESOURCES_FOLDER_PATH}/StartAppSDK.bundle",
			);
			runOnlyForDeploymentPostprocessing = 0;
			shellPath = /bin/sh;
			shellScript = "\"${SRCROOT}/Pods/Target Support Files/Pods-iosexampleapp/Pods-iosexampleapp-resources.sh\"\n";
			showEnvVarsInLog = 0;
		};
/* End PBXShellScriptBuildPhase section */

/* Begin PBXSourcesBuildPhase section */
		88F5AAC118B4AC560006D578 /* Sources */ = {
			isa = PBXSourcesBuildPhase;
			buildActionMask = 2147483647;
			files = (
				88F5AAD518B4AC560006D578 /* main.m in Sources */,
				88F5AAD918B4AC560006D578 /* STAAppDelegate.m in Sources */,
				50CFD3C61A277508000790CA /* STANativeViewController.m in Sources */,
				49329C7E21908AE400069B07 /* STAGdprViewController.m in Sources */,
				88F5AAE218B4AC560006D578 /* STAViewController.m in Sources */,
			);
			runOnlyForDeploymentPostprocessing = 0;
		};
/* End PBXSourcesBuildPhase section */

/* Begin PBXVariantGroup section */
		88F5AAD118B4AC560006D578 /* InfoPlist.strings */ = {
			isa = PBXVariantGroup;
			children = (
				88F5AAD218B4AC560006D578 /* en */,
			);
			name = InfoPlist.strings;
			sourceTree = "<group>";
		};
/* End PBXVariantGroup section */

/* Begin XCBuildConfiguration section */
		88F5AAF818B4AC560006D578 /* Debug */ = {
			isa = XCBuildConfiguration;
			buildSettings = {
				ALWAYS_SEARCH_USER_PATHS = NO;
				CLANG_CXX_LANGUAGE_STANDARD = "gnu++0x";
				CLANG_CXX_LIBRARY = "libc++";
				CLANG_ENABLE_MODULES = YES;
				CLANG_ENABLE_OBJC_ARC = YES;
				CLANG_WARN_BLOCK_CAPTURE_AUTORELEASING = YES;
				CLANG_WARN_BOOL_CONVERSION = YES;
				CLANG_WARN_COMMA = YES;
				CLANG_WARN_CONSTANT_CONVERSION = YES;
				CLANG_WARN_DEPRECATED_OBJC_IMPLEMENTATIONS = YES;
				CLANG_WARN_DIRECT_OBJC_ISA_USAGE = YES_ERROR;
				CLANG_WARN_EMPTY_BODY = YES;
				CLANG_WARN_ENUM_CONVERSION = YES;
				CLANG_WARN_INFINITE_RECURSION = YES;
				CLANG_WARN_INT_CONVERSION = YES;
				CLANG_WARN_NON_LITERAL_NULL_CONVERSION = YES;
				CLANG_WARN_OBJC_IMPLICIT_RETAIN_SELF = YES;
				CLANG_WARN_OBJC_LITERAL_CONVERSION = YES;
				CLANG_WARN_OBJC_ROOT_CLASS = YES_ERROR;
				CLANG_WARN_RANGE_LOOP_ANALYSIS = YES;
				CLANG_WARN_STRICT_PROTOTYPES = YES;
				CLANG_WARN_SUSPICIOUS_MOVE = YES;
				CLANG_WARN_UNREACHABLE_CODE = YES;
				CLANG_WARN__DUPLICATE_METHOD_MATCH = YES;
				"CODE_SIGN_IDENTITY[sdk=iphoneos*]" = "iPhone Developer";
				COPY_PHASE_STRIP = NO;
				ENABLE_STRICT_OBJC_MSGSEND = YES;
				ENABLE_TESTABILITY = YES;
				GCC_C_LANGUAGE_STANDARD = gnu99;
				GCC_DYNAMIC_NO_PIC = NO;
				GCC_NO_COMMON_BLOCKS = YES;
				GCC_OPTIMIZATION_LEVEL = 0;
				GCC_PREPROCESSOR_DEFINITIONS = (
					"DEBUG=1",
					"$(inherited)",
				);
				GCC_SYMBOLS_PRIVATE_EXTERN = NO;
				GCC_WARN_64_TO_32_BIT_CONVERSION = YES;
				GCC_WARN_ABOUT_RETURN_TYPE = YES_ERROR;
				GCC_WARN_UNDECLARED_SELECTOR = YES;
				GCC_WARN_UNINITIALIZED_AUTOS = YES;
				GCC_WARN_UNUSED_FUNCTION = YES;
				GCC_WARN_UNUSED_VARIABLE = YES;
				IPHONEOS_DEPLOYMENT_TARGET = 9.0;
				ONLY_ACTIVE_ARCH = YES;
				SDKROOT = iphoneos;
				TARGETED_DEVICE_FAMILY = "1,2";
			};
			name = Debug;
		};
		88F5AAF918B4AC560006D578 /* Release */ = {
			isa = XCBuildConfiguration;
			buildSettings = {
				ALWAYS_SEARCH_USER_PATHS = NO;
				CLANG_CXX_LANGUAGE_STANDARD = "gnu++0x";
				CLANG_CXX_LIBRARY = "libc++";
				CLANG_ENABLE_MODULES = YES;
				CLANG_ENABLE_OBJC_ARC = YES;
				CLANG_WARN_BLOCK_CAPTURE_AUTORELEASING = YES;
				CLANG_WARN_BOOL_CONVERSION = YES;
				CLANG_WARN_COMMA = YES;
				CLANG_WARN_CONSTANT_CONVERSION = YES;
				CLANG_WARN_DEPRECATED_OBJC_IMPLEMENTATIONS = YES;
				CLANG_WARN_DIRECT_OBJC_ISA_USAGE = YES_ERROR;
				CLANG_WARN_EMPTY_BODY = YES;
				CLANG_WARN_ENUM_CONVERSION = YES;
				CLANG_WARN_INFINITE_RECURSION = YES;
				CLANG_WARN_INT_CONVERSION = YES;
				CLANG_WARN_NON_LITERAL_NULL_CONVERSION = YES;
				CLANG_WARN_OBJC_IMPLICIT_RETAIN_SELF = YES;
				CLANG_WARN_OBJC_LITERAL_CONVERSION = YES;
				CLANG_WARN_OBJC_ROOT_CLASS = YES_ERROR;
				CLANG_WARN_RANGE_LOOP_ANALYSIS = YES;
				CLANG_WARN_STRICT_PROTOTYPES = YES;
				CLANG_WARN_SUSPICIOUS_MOVE = YES;
				CLANG_WARN_UNREACHABLE_CODE = YES;
				CLANG_WARN__DUPLICATE_METHOD_MATCH = YES;
				"CODE_SIGN_IDENTITY[sdk=iphoneos*]" = "iPhone Developer";
				COPY_PHASE_STRIP = YES;
				ENABLE_NS_ASSERTIONS = NO;
				ENABLE_STRICT_OBJC_MSGSEND = YES;
				GCC_C_LANGUAGE_STANDARD = gnu99;
				GCC_NO_COMMON_BLOCKS = YES;
				GCC_WARN_64_TO_32_BIT_CONVERSION = YES;
				GCC_WARN_ABOUT_RETURN_TYPE = YES_ERROR;
				GCC_WARN_UNDECLARED_SELECTOR = YES;
				GCC_WARN_UNINITIALIZED_AUTOS = YES;
				GCC_WARN_UNUSED_FUNCTION = YES;
				GCC_WARN_UNUSED_VARIABLE = YES;
				IPHONEOS_DEPLOYMENT_TARGET = 9.0;
				SDKROOT = iphoneos;
				TARGETED_DEVICE_FAMILY = "1,2";
				VALIDATE_PRODUCT = YES;
			};
			name = Release;
		};
		88F5AAFB18B4AC560006D578 /* Debug */ = {
			isa = XCBuildConfiguration;
			baseConfigurationReference = 9A96B7B402CE17229F058966 /* Pods-iosexampleapp.debug.xcconfig */;
			buildSettings = {
				ASSETCATALOG_COMPILER_APPICON_NAME = AppIcon;
				ASSETCATALOG_COMPILER_LAUNCHIMAGE_NAME = LaunchImage;
				CODE_SIGN_ENTITLEMENTS = iosexampleapp/iosexampleapp.entitlements;
				CODE_SIGN_IDENTITY = "iPhone Developer";
				"CODE_SIGN_IDENTITY[sdk=iphoneos*]" = "iPhone Developer";
				DEVELOPMENT_TEAM = "";
				FRAMEWORK_SEARCH_PATHS = (
					"$(inherited)",
					"$(PROJECT_DIR)",
				);
				GCC_PRECOMPILE_PREFIX_HEADER = YES;
				GCC_PREFIX_HEADER = "iosexampleapp/iosexampleapp-Prefix.pch";
				INFOPLIST_FILE = "iosexampleapp/iosexampleapp-Info.plist";
				IPHONEOS_DEPLOYMENT_TARGET = 9.0;
				LD_RUNPATH_SEARCH_PATHS = "$(inherited) @executable_path/Frameworks";
				LIBRARY_SEARCH_PATHS = "${SRCROOT}";
				PRODUCT_BUNDLE_IDENTIFIER = "com.startapp.${PRODUCT_NAME:rfc1034identifier}";
				PRODUCT_NAME = "$(TARGET_NAME)";
				PROVISIONING_PROFILE = "";
				TARGETED_DEVICE_FAMILY = "1,2";
				WRAPPER_EXTENSION = app;
			};
			name = Debug;
		};
		88F5AAFC18B4AC560006D578 /* Release */ = {
			isa = XCBuildConfiguration;
			baseConfigurationReference = 2E71FCCFAD9FFE0D1308ED01 /* Pods-iosexampleapp.release.xcconfig */;
			buildSettings = {
				ASSETCATALOG_COMPILER_APPICON_NAME = AppIcon;
				ASSETCATALOG_COMPILER_LAUNCHIMAGE_NAME = LaunchImage;
				CODE_SIGN_ENTITLEMENTS = iosexampleapp/iosexampleapp.entitlements;
				CODE_SIGN_IDENTITY = "iPhone Developer";
				"CODE_SIGN_IDENTITY[sdk=iphoneos*]" = "iPhone Developer";
				DEVELOPMENT_TEAM = "";
				FRAMEWORK_SEARCH_PATHS = (
					"$(inherited)",
					"$(PROJECT_DIR)",
				);
				GCC_PRECOMPILE_PREFIX_HEADER = YES;
				GCC_PREFIX_HEADER = "iosexampleapp/iosexampleapp-Prefix.pch";
				INFOPLIST_FILE = "iosexampleapp/iosexampleapp-Info.plist";
				IPHONEOS_DEPLOYMENT_TARGET = 9.0;
				LD_RUNPATH_SEARCH_PATHS = "$(inherited) @executable_path/Frameworks";
				LIBRARY_SEARCH_PATHS = "${SRCROOT}";
				PRODUCT_BUNDLE_IDENTIFIER = "com.startapp.${PRODUCT_NAME:rfc1034identifier}";
				PRODUCT_NAME = "$(TARGET_NAME)";
				PROVISIONING_PROFILE = "";
				TARGETED_DEVICE_FAMILY = "1,2";
				WRAPPER_EXTENSION = app;
			};
			name = Release;
		};
/* End XCBuildConfiguration section */

/* Begin XCConfigurationList section */
		88F5AAC018B4AC560006D578 /* Build configuration list for PBXProject "iosexampleapp" */ = {
			isa = XCConfigurationList;
			buildConfigurations = (
				88F5AAF818B4AC560006D578 /* Debug */,
				88F5AAF918B4AC560006D578 /* Release */,
			);
			defaultConfigurationIsVisible = 0;
			defaultConfigurationName = Release;
		};
		88F5AAFA18B4AC560006D578 /* Build configuration list for PBXNativeTarget "iosexampleapp" */ = {
			isa = XCConfigurationList;
			buildConfigurations = (
				88F5AAFB18B4AC560006D578 /* Debug */,
				88F5AAFC18B4AC560006D578 /* Release */,
			);
			defaultConfigurationIsVisible = 0;
			defaultConfigurationName = Release;
		};
/* End XCConfigurationList section */
	};
	rootObject = 88F5AABD18B4AC560006D578 /* Project object */;
}
